
Microsoft Visual Studio Solution File, Format Version 12.00
# Visual Studio 15
VisualStudioVersion = 15.0.26730.16
MinimumVisualStudioVersion = 10.0.40219.1
Project("{2150E333-8FDC-42A3-9474-1A3956D46DE8}") = "Core", "Core", "{DEE026DE-A3EC-4DF5-A2C8-F38AC46FF0D8}"
EndProject
Project("{2150E333-8FDC-42A3-9474-1A3956D46DE8}") = "Front", "Front", "{7348417F-C7D0-4002-9DCA-93CECECCCAAF}"
EndProject
Project("{2150E333-8FDC-42A3-9474-1A3956D46DE8}") = "Test", "Test", "{1037BD69-2AFA-48CF-B2DB-566BF497B83A}"
EndProject
Project("{FAE04EC0-301F-11D3-BF4B-00C04F79EFBC}") = "Application", "Core\Application\Application.csproj", "{CBCD9286-7D5A-492C-A5B8-8A1662173C14}"
EndProject
Project("{FAE04EC0-301F-11D3-BF4B-00C04F79EFBC}") = "Data", "Core\Data\Data.csproj", "{A20BABCD-E25F-4B83-8BC1-AF7CBC9302DE}"
EndProject
Project("{FAE04EC0-301F-11D3-BF4B-00C04F79EFBC}") = "Domain", "Core\Domain\Domain.csproj", "{D71595B9-5010-4AD0-9344-4DB496E0B019}"
EndProject
Project("{FAE04EC0-301F-11D3-BF4B-00C04F79EFBC}") = "Domain.Query", "Core\Domain.Query\Domain.Query.csproj", "{45ABE538-F7EC-4CD7-B4A2-1873892DFF0F}"
EndProject
Project("{FAE04EC0-301F-11D3-BF4B-00C04F79EFBC}") = "Shared", "Core\Shared\Shared.csproj", "{48315754-A972-4DFA-94A1-E21662094ED0}"
EndProject
Project("{FAE04EC0-301F-11D3-BF4B-00C04F79EFBC}") = "WebSiteAdministration", "Front\WebSiteAdministration\WebSiteAdministration.csproj", "{98626C33-1AC7-46D2-96E1-76CB14229C62}"
EndProject
Project("{FAE04EC0-301F-11D3-BF4B-00C04F79EFBC}") = "WebSiteSecurityPoint", "Front\WebSiteSecurityPoint\WebSiteSecurityPoint.csproj", "{47F3D2D2-061E-42FB-8ABB-953E1E90EB9F}"
EndProject
Project("{FAE04EC0-301F-11D3-BF4B-00C04F79EFBC}") = "TestServices", "Test\TestServices\TestServices.csproj", "{2A6A5EC4-9381-4034-BD51-27918FEAA6CA}"
EndProject
Project("{FAE04EC0-301F-11D3-BF4B-00C04F79EFBC}") = "TestWebSite", "Test\TestWebSite\TestWebSite.csproj", "{88F47C0F-A3CF-414C-B56C-5DC1F0AD66C5}"
EndProject
Project("{2150E333-8FDC-42A3-9474-1A3956D46DE8}") = "Solution Items", "Solution Items", "{A7BB8A27-4847-4611-AC1C-AAE0AF2D338D}"
	ProjectSection(SolutionItems) = preProject
		Local.testsettings = Local.testsettings
	EndProjectSection
EndProject
Project("{FAE04EC0-301F-11D3-BF4B-00C04F79EFBC}") = "TestUI", "Test\TestUI\TestUI.csproj", "{20C01C10-89E3-4856-A9F7-152C512A6CAA}"
EndProject
Project("{FAE04EC0-301F-11D3-BF4B-00C04F79EFBC}") = "TestEntityFrameworkContext", "Test\TestEntityFrameworkContext\TestEntityFrameworkContext.csproj", "{F01170C0-8CBC-484C-B410-289662B088BA}"
EndProject
Project("{FAE04EC0-301F-11D3-BF4B-00C04F79EFBC}") = "InitializeDatabase", "Front\InitializeDatabase\InitializeDatabase.csproj", "{E51B8F44-087A-45A6-8EBA-32CB8426876B}"
EndProject
Project("{FAE04EC0-301F-11D3-BF4B-00C04F79EFBC}") = "MigrateDatabase", "Front\MigrateDatabase\MigrateDatabase.csproj", "{A8B86CD3-F466-4E35-8404-378B36147C66}"
EndProject
Project("{FAE04EC0-301F-11D3-BF4B-00C04F79EFBC}") = "WebSiteHabitant", "Front\WebSiteHabitant\WebSiteHabitant.csproj", "{F7B1A74F-7F7D-41C4-B8F1-DD72965284BD}"
EndProject
Project("{FAE04EC0-301F-11D3-BF4B-00C04F79EFBC}") = "AndroidClientGuard", "Front\AndroidClientGuard\AndroidClientGuard.csproj", "{07272096-7498-4F50-B9FC-AA5202BDA99D}"
EndProject
Project("{FAE04EC0-301F-11D3-BF4B-00C04F79EFBC}") = "MuninWebSiteA4Core", "Front\MuninWebSiteA4Core\MuninWebSiteA4Core.csproj", "{7654D6F1-B514-429F-8DB2-46FD809CFDC1}"
EndProject
Global
	GlobalSection(SolutionConfigurationPlatforms) = preSolution
		Debug|Any CPU = Debug|Any CPU
		Release|Any CPU = Release|Any CPU
	EndGlobalSection
	GlobalSection(ProjectConfigurationPlatforms) = postSolution
		{CBCD9286-7D5A-492C-A5B8-8A1662173C14}.Debug|Any CPU.ActiveCfg = Debug|Any CPU
		{CBCD9286-7D5A-492C-A5B8-8A1662173C14}.Debug|Any CPU.Build.0 = Debug|Any CPU
		{CBCD9286-7D5A-492C-A5B8-8A1662173C14}.Release|Any CPU.ActiveCfg = Release|Any CPU
		{CBCD9286-7D5A-492C-A5B8-8A1662173C14}.Release|Any CPU.Build.0 = Release|Any CPU
		{A20BABCD-E25F-4B83-8BC1-AF7CBC9302DE}.Debug|Any CPU.ActiveCfg = Debug|Any CPU
		{A20BABCD-E25F-4B83-8BC1-AF7CBC9302DE}.Debug|Any CPU.Build.0 = Debug|Any CPU
		{A20BABCD-E25F-4B83-8BC1-AF7CBC9302DE}.Release|Any CPU.ActiveCfg = Release|Any CPU
		{A20BABCD-E25F-4B83-8BC1-AF7CBC9302DE}.Release|Any CPU.Build.0 = Release|Any CPU
		{D71595B9-5010-4AD0-9344-4DB496E0B019}.Debug|Any CPU.ActiveCfg = Debug|Any CPU
		{D71595B9-5010-4AD0-9344-4DB496E0B019}.Debug|Any CPU.Build.0 = Debug|Any CPU
		{D71595B9-5010-4AD0-9344-4DB496E0B019}.Release|Any CPU.ActiveCfg = Release|Any CPU
		{D71595B9-5010-4AD0-9344-4DB496E0B019}.Release|Any CPU.Build.0 = Release|Any CPU
		{45ABE538-F7EC-4CD7-B4A2-1873892DFF0F}.Debug|Any CPU.ActiveCfg = Debug|Any CPU
		{45ABE538-F7EC-4CD7-B4A2-1873892DFF0F}.Debug|Any CPU.Build.0 = Debug|Any CPU
		{45ABE538-F7EC-4CD7-B4A2-1873892DFF0F}.Release|Any CPU.ActiveCfg = Release|Any CPU
		{45ABE538-F7EC-4CD7-B4A2-1873892DFF0F}.Release|Any CPU.Build.0 = Release|Any CPU
		{48315754-A972-4DFA-94A1-E21662094ED0}.Debug|Any CPU.ActiveCfg = Debug|Any CPU
		{48315754-A972-4DFA-94A1-E21662094ED0}.Debug|Any CPU.Build.0 = Debug|Any CPU
		{48315754-A972-4DFA-94A1-E21662094ED0}.Release|Any CPU.ActiveCfg = Release|Any CPU
		{48315754-A972-4DFA-94A1-E21662094ED0}.Release|Any CPU.Build.0 = Release|Any CPU
		{98626C33-1AC7-46D2-96E1-76CB14229C62}.Debug|Any CPU.ActiveCfg = Debug|Any CPU
		{98626C33-1AC7-46D2-96E1-76CB14229C62}.Debug|Any CPU.Build.0 = Debug|Any CPU
		{98626C33-1AC7-46D2-96E1-76CB14229C62}.Release|Any CPU.ActiveCfg = Release|Any CPU
		{98626C33-1AC7-46D2-96E1-76CB14229C62}.Release|Any CPU.Build.0 = Release|Any CPU
		{47F3D2D2-061E-42FB-8ABB-953E1E90EB9F}.Debug|Any CPU.ActiveCfg = Debug|Any CPU
		{47F3D2D2-061E-42FB-8ABB-953E1E90EB9F}.Debug|Any CPU.Build.0 = Debug|Any CPU
		{47F3D2D2-061E-42FB-8ABB-953E1E90EB9F}.Release|Any CPU.ActiveCfg = Release|Any CPU
		{47F3D2D2-061E-42FB-8ABB-953E1E90EB9F}.Release|Any CPU.Build.0 = Release|Any CPU
		{2A6A5EC4-9381-4034-BD51-27918FEAA6CA}.Debug|Any CPU.ActiveCfg = Debug|Any CPU
		{2A6A5EC4-9381-4034-BD51-27918FEAA6CA}.Debug|Any CPU.Build.0 = Debug|Any CPU
		{2A6A5EC4-9381-4034-BD51-27918FEAA6CA}.Release|Any CPU.ActiveCfg = Release|Any CPU
		{2A6A5EC4-9381-4034-BD51-27918FEAA6CA}.Release|Any CPU.Build.0 = Release|Any CPU
		{88F47C0F-A3CF-414C-B56C-5DC1F0AD66C5}.Debug|Any CPU.ActiveCfg = Debug|Any CPU
		{88F47C0F-A3CF-414C-B56C-5DC1F0AD66C5}.Debug|Any CPU.Build.0 = Debug|Any CPU
		{88F47C0F-A3CF-414C-B56C-5DC1F0AD66C5}.Release|Any CPU.ActiveCfg = Release|Any CPU
		{88F47C0F-A3CF-414C-B56C-5DC1F0AD66C5}.Release|Any CPU.Build.0 = Release|Any CPU
		{20C01C10-89E3-4856-A9F7-152C512A6CAA}.Debug|Any CPU.ActiveCfg = Debug|Any CPU
		{20C01C10-89E3-4856-A9F7-152C512A6CAA}.Debug|Any CPU.Build.0 = Debug|Any CPU
		{20C01C10-89E3-4856-A9F7-152C512A6CAA}.Release|Any CPU.ActiveCfg = Release|Any CPU
		{20C01C10-89E3-4856-A9F7-152C512A6CAA}.Release|Any CPU.Build.0 = Release|Any CPU
		{F01170C0-8CBC-484C-B410-289662B088BA}.Debug|Any CPU.ActiveCfg = Debug|Any CPU
		{F01170C0-8CBC-484C-B410-289662B088BA}.Debug|Any CPU.Build.0 = Debug|Any CPU
		{F01170C0-8CBC-484C-B410-289662B088BA}.Release|Any CPU.ActiveCfg = Release|Any CPU
		{F01170C0-8CBC-484C-B410-289662B088BA}.Release|Any CPU.Build.0 = Release|Any CPU
		{E51B8F44-087A-45A6-8EBA-32CB8426876B}.Debug|Any CPU.ActiveCfg = Debug|Any CPU
		{E51B8F44-087A-45A6-8EBA-32CB8426876B}.Debug|Any CPU.Build.0 = Debug|Any CPU
		{E51B8F44-087A-45A6-8EBA-32CB8426876B}.Release|Any CPU.ActiveCfg = Release|Any CPU
		{E51B8F44-087A-45A6-8EBA-32CB8426876B}.Release|Any CPU.Build.0 = Release|Any CPU
		{A8B86CD3-F466-4E35-8404-378B36147C66}.Debug|Any CPU.ActiveCfg = Debug|Any CPU
		{A8B86CD3-F466-4E35-8404-378B36147C66}.Debug|Any CPU.Build.0 = Debug|Any CPU
		{A8B86CD3-F466-4E35-8404-378B36147C66}.Release|Any CPU.ActiveCfg = Release|Any CPU
		{A8B86CD3-F466-4E35-8404-378B36147C66}.Release|Any CPU.Build.0 = Release|Any CPU
		{F7B1A74F-7F7D-41C4-B8F1-DD72965284BD}.Debug|Any CPU.ActiveCfg = Debug|Any CPU
		{F7B1A74F-7F7D-41C4-B8F1-DD72965284BD}.Debug|Any CPU.Build.0 = Debug|Any CPU
		{F7B1A74F-7F7D-41C4-B8F1-DD72965284BD}.Release|Any CPU.ActiveCfg = Release|Any CPU
		{F7B1A74F-7F7D-41C4-B8F1-DD72965284BD}.Release|Any CPU.Build.0 = Release|Any CPU
		{07272096-7498-4F50-B9FC-AA5202BDA99D}.Debug|Any CPU.ActiveCfg = Debug|Any CPU
		{07272096-7498-4F50-B9FC-AA5202BDA99D}.Debug|Any CPU.Build.0 = Debug|Any CPU
		{07272096-7498-4F50-B9FC-AA5202BDA99D}.Debug|Any CPU.Deploy.0 = Debug|Any CPU
		{07272096-7498-4F50-B9FC-AA5202BDA99D}.Release|Any CPU.ActiveCfg = Release|Any CPU
		{07272096-7498-4F50-B9FC-AA5202BDA99D}.Release|Any CPU.Build.0 = Release|Any CPU
		{07272096-7498-4F50-B9FC-AA5202BDA99D}.Release|Any CPU.Deploy.0 = Release|Any CPU
		{7654D6F1-B514-429F-8DB2-46FD809CFDC1}.Debug|Any CPU.ActiveCfg = Debug|Any CPU
		{7654D6F1-B514-429F-8DB2-46FD809CFDC1}.Debug|Any CPU.Build.0 = Debug|Any CPU
		{7654D6F1-B514-429F-8DB2-46FD809CFDC1}.Release|Any CPU.ActiveCfg = Release|Any CPU
		{7654D6F1-B514-429F-8DB2-46FD809CFDC1}.Release|Any CPU.Build.0 = Release|Any CPU
	EndGlobalSection
	GlobalSection(SolutionProperties) = preSolution
		HideSolutionNode = FALSE
	EndGlobalSection
	GlobalSection(NestedProjects) = preSolution
		{CBCD9286-7D5A-492C-A5B8-8A1662173C14} = {DEE026DE-A3EC-4DF5-A2C8-F38AC46FF0D8}
		{A20BABCD-E25F-4B83-8BC1-AF7CBC9302DE} = {DEE026DE-A3EC-4DF5-A2C8-F38AC46FF0D8}
		{D71595B9-5010-4AD0-9344-4DB496E0B019} = {DEE026DE-A3EC-4DF5-A2C8-F38AC46FF0D8}
		{45ABE538-F7EC-4CD7-B4A2-1873892DFF0F} = {DEE026DE-A3EC-4DF5-A2C8-F38AC46FF0D8}
		{48315754-A972-4DFA-94A1-E21662094ED0} = {DEE026DE-A3EC-4DF5-A2C8-F38AC46FF0D8}
		{98626C33-1AC7-46D2-96E1-76CB14229C62} = {7348417F-C7D0-4002-9DCA-93CECECCCAAF}
		{47F3D2D2-061E-42FB-8ABB-953E1E90EB9F} = {7348417F-C7D0-4002-9DCA-93CECECCCAAF}
		{2A6A5EC4-9381-4034-BD51-27918FEAA6CA} = {1037BD69-2AFA-48CF-B2DB-566BF497B83A}
		{88F47C0F-A3CF-414C-B56C-5DC1F0AD66C5} = {1037BD69-2AFA-48CF-B2DB-566BF497B83A}
		{A7BB8A27-4847-4611-AC1C-AAE0AF2D338D} = {1037BD69-2AFA-48CF-B2DB-566BF497B83A}
		{20C01C10-89E3-4856-A9F7-152C512A6CAA} = {1037BD69-2AFA-48CF-B2DB-566BF497B83A}
		{F01170C0-8CBC-484C-B410-289662B088BA} = {1037BD69-2AFA-48CF-B2DB-566BF497B83A}
		{E51B8F44-087A-45A6-8EBA-32CB8426876B} = {7348417F-C7D0-4002-9DCA-93CECECCCAAF}
		{A8B86CD3-F466-4E35-8404-378B36147C66} = {7348417F-C7D0-4002-9DCA-93CECECCCAAF}
		{F7B1A74F-7F7D-41C4-B8F1-DD72965284BD} = {7348417F-C7D0-4002-9DCA-93CECECCCAAF}
		{07272096-7498-4F50-B9FC-AA5202BDA99D} = {7348417F-C7D0-4002-9DCA-93CECECCCAAF}
		{7654D6F1-B514-429F-8DB2-46FD809CFDC1} = {7348417F-C7D0-4002-9DCA-93CECECCCAAF}
	EndGlobalSection
	GlobalSection(ExtensibilityGlobals) = postSolution
		SolutionGuid = {1471CB69-97DB-43A6-AE92-17B27049BF23}
	EndGlobalSection
EndGlobal
